// !$*UTF8*$!
{
	archiveVersion = 1;
	classes = {
	};
	objectVersion = 46;
	objects = {

/* Begin PBXBuildFile section */
		FA13ED0C1DDDF41F006A1A16 /* InfoViewController.m in Sources */ = {isa = PBXBuildFile; fileRef = FA13ED0B1DDDF41F006A1A16 /* InfoViewController.m */; };
		FA24EA531DCF783300BB5D9B /* IllustratedHandbookFrame.m in Sources */ = {isa = PBXBuildFile; fileRef = FA24EA521DCF783300BB5D9B /* IllustratedHandbookFrame.m */; };
		FA3DA6691D3FC53C00BB2555 /* Assets.xcassets in Resources */ = {isa = PBXBuildFile; fileRef = FA3DA6681D3FC53C00BB2555 /* Assets.xcassets */; };
		FA743E911D4BC6B000CC4323 /* questions.plist in Resources */ = {isa = PBXBuildFile; fileRef = FA743E901D4BC6B000CC4323 /* questions.plist */; };
		FADD07CB1DA2A01800CE3E3A /* IllustratedHandbook.m in Sources */ = {isa = PBXBuildFile; fileRef = FADD07C91DA2A01800CE3E3A /* IllustratedHandbook.m */; };
		FAF91DDE1D391E36006E1FC3 /* main.m in Sources */ = {isa = PBXBuildFile; fileRef = FAF91DDD1D391E36006E1FC3 /* main.m */; };
		FAF91DE11D391E36006E1FC3 /* AppDelegate.m in Sources */ = {isa = PBXBuildFile; fileRef = FAF91DE01D391E36006E1FC3 /* AppDelegate.m */; };
		FAF91DE41D391E36006E1FC3 /* ViewController.m in Sources */ = {isa = PBXBuildFile; fileRef = FAF91DE31D391E36006E1FC3 /* ViewController.m */; };
		FAF91DE71D391E37006E1FC3 /* Main.storyboard in Resources */ = {isa = PBXBuildFile; fileRef = FAF91DE51D391E37006E1FC3 /* Main.storyboard */; };
		FAF91DEC1D391E37006E1FC3 /* LaunchScreen.storyboard in Resources */ = {isa = PBXBuildFile; fileRef = FAF91DEA1D391E37006E1FC3 /* LaunchScreen.storyboard */; };
		FAF91DF71D391E9A006E1FC3 /* QuestionModel.m in Sources */ = {isa = PBXBuildFile; fileRef = FAF91DF61D391E9A006E1FC3 /* QuestionModel.m */; };
/* End PBXBuildFile section */

/* Begin PBXFileReference section */
		FA13ED0A1DDDF41F006A1A16 /* InfoViewController.h */ = {isa = PBXFileReference; fileEncoding = 4; lastKnownFileType = sourcecode.c.h; path = InfoViewController.h; sourceTree = "<group>"; };
		FA13ED0B1DDDF41F006A1A16 /* InfoViewController.m */ = {isa = PBXFileReference; fileEncoding = 4; lastKnownFileType = sourcecode.c.objc; path = InfoViewController.m; sourceTree = "<group>"; };
		FA24EA511DCF783300BB5D9B /* IllustratedHandbookFrame.h */ = {isa = PBXFileReference; fileEncoding = 4; lastKnownFileType = sourcecode.c.h; path = IllustratedHandbookFrame.h; sourceTree = "<group>"; };
		FA24EA521DCF783300BB5D9B /* IllustratedHandbookFrame.m */ = {isa = PBXFileReference; fileEncoding = 4; lastKnownFileType = sourcecode.c.objc; path = IllustratedHandbookFrame.m; sourceTree = "<group>"; };
		FA3DA6681D3FC53C00BB2555 /* Assets.xcassets */ = {isa = PBXFileReference; lastKnownFileType = folder.assetcatalog; path = Assets.xcassets; sourceTree = "<group>"; };
		FA743E901D4BC6B000CC4323 /* questions.plist */ = {isa = PBXFileReference; fileEncoding = 4; lastKnownFileType = text.plist.xml; path = questions.plist; sourceTree = "<group>"; };
		FADD07C81DA2A01800CE3E3A /* IllustratedHandbook.h */ = {isa = PBXFileReference; fileEncoding = 4; lastKnownFileType = sourcecode.c.h; path = IllustratedHandbook.h; sourceTree = "<group>"; };
		FADD07C91DA2A01800CE3E3A /* IllustratedHandbook.m */ = {isa = PBXFileReference; fileEncoding = 4; lastKnownFileType = sourcecode.c.objc; path = IllustratedHandbook.m; sourceTree = "<group>"; };
		FAF91DD91D391E36006E1FC3 /* GuessPicture.app */ = {isa = PBXFileReference; explicitFileType = wrapper.application; includeInIndex = 0; path = GuessPicture.app; sourceTree = BUILT_PRODUCTS_DIR; };
		FAF91DDD1D391E36006E1FC3 /* main.m */ = {isa = PBXFileReference; lastKnownFileType = sourcecode.c.objc; path = main.m; sourceTree = "<group>"; };
		FAF91DDF1D391E36006E1FC3 /* AppDelegate.h */ = {isa = PBXFileReference; lastKnownFileType = sourcecode.c.h; path = AppDelegate.h; sourceTree = "<group>"; };
		FAF91DE01D391E36006E1FC3 /* AppDelegate.m */ = {isa = PBXFileReference; lastKnownFileType = sourcecode.c.objc; path = AppDelegate.m; sourceTree = "<group>"; };
		FAF91DE21D391E36006E1FC3 /* ViewController.h */ = {isa = PBXFileReference; lastKnownFileType = sourcecode.c.h; path = ViewController.h; sourceTree = "<group>"; };
		FAF91DE31D391E36006E1FC3 /* ViewController.m */ = {isa = PBXFileReference; lastKnownFileType = sourcecode.c.objc; path = ViewController.m; sourceTree = "<group>"; };
		FAF91DE61D391E37006E1FC3 /* Base */ = {isa = PBXFileReference; lastKnownFileType = file.storyboard; name = Base; path = Base.lproj/Main.storyboard; sourceTree = "<group>"; };
		FAF91DEB1D391E37006E1FC3 /* Base */ = {isa = PBXFileReference; lastKnownFileType = file.storyboard; name = Base; path = Base.lproj/LaunchScreen.storyboard; sourceTree = "<group>"; };
		FAF91DED1D391E37006E1FC3 /* Info.plist */ = {isa = PBXFileReference; lastKnownFileType = text.plist.xml; path = Info.plist; sourceTree = "<group>"; };
		FAF91DF51D391E9A006E1FC3 /* QuestionModel.h */ = {isa = PBXFileReference; fileEncoding = 4; lastKnownFileType = sourcecode.c.h; path = QuestionModel.h; sourceTree = "<group>"; };
		FAF91DF61D391E9A006E1FC3 /* QuestionModel.m */ = {isa = PBXFileReference; fileEncoding = 4; lastKnownFileType = sourcecode.c.objc; path = QuestionModel.m; sourceTree = "<group>"; };
/* End PBXFileReference section */

/* Begin PBXFrameworksBuildPhase section */
		FAF91DD61D391E36006E1FC3 /* Frameworks */ = {
			isa = PBXFrameworksBuildPhase;
			buildActionMask = 2147483647;
			files = (
			);
			runOnlyForDeploymentPostprocessing = 0;
		};
/* End PBXFrameworksBuildPhase section */

/* Begin PBXGroup section */
		FA9F48851D8A922A00C3348D /* View */ = {
			isa = PBXGroup;
			children = (
				FADD07C81DA2A01800CE3E3A /* IllustratedHandbook.h */,
				FADD07C91DA2A01800CE3E3A /* IllustratedHandbook.m */,
			);
			name = View;
			sourceTree = "<group>";
		};
		FA9F48861D8A925900C3348D /* Controller */ = {
			isa = PBXGroup;
			children = (
				FAF91DE21D391E36006E1FC3 /* ViewController.h */,
				FAF91DE31D391E36006E1FC3 /* ViewController.m */,
				FA13ED0A1DDDF41F006A1A16 /* InfoViewController.h */,
				FA13ED0B1DDDF41F006A1A16 /* InfoViewController.m */,
			);
			name = Controller;
			sourceTree = "<group>";
		};
		FA9F48871D8A927700C3348D /* Model */ = {
			isa = PBXGroup;
			children = (
				FAF91DF51D391E9A006E1FC3 /* QuestionModel.h */,
				FAF91DF61D391E9A006E1FC3 /* QuestionModel.m */,
				FA24EA511DCF783300BB5D9B /* IllustratedHandbookFrame.h */,
				FA24EA521DCF783300BB5D9B /* IllustratedHandbookFrame.m */,
			);
			name = Model;
			sourceTree = "<group>";
		};
		FA9F48881D8A928600C3348D /* Others */ = {
			isa = PBXGroup;
			children = (
				FAF91DDF1D391E36006E1FC3 /* AppDelegate.h */,
				FAF91DE01D391E36006E1FC3 /* AppDelegate.m */,
			);
			name = Others;
			sourceTree = "<group>";
		};
		FA9F48891D8A929B00C3348D /* Classes */ = {
			isa = PBXGroup;
			children = (
				FA9F48881D8A928600C3348D /* Others */,
				FA9F48851D8A922A00C3348D /* View */,
				FA9F48871D8A927700C3348D /* Model */,
				FA9F48861D8A925900C3348D /* Controller */,
			);
			name = Classes;
			sourceTree = "<group>";
		};
		FAF91DD01D391E36006E1FC3 = {
			isa = PBXGroup;
			children = (
				FAF91DDB1D391E36006E1FC3 /* GuessPicture */,
				FAF91DDA1D391E36006E1FC3 /* Products */,
			);
			sourceTree = "<group>";
		};
		FAF91DDA1D391E36006E1FC3 /* Products */ = {
			isa = PBXGroup;
			children = (
				FAF91DD91D391E36006E1FC3 /* GuessPicture.app */,
			);
			name = Products;
			sourceTree = "<group>";
		};
		FAF91DDB1D391E36006E1FC3 /* GuessPicture */ = {
			isa = PBXGroup;
			children = (
				FA9F48891D8A929B00C3348D /* Classes */,
				FAF91DDC1D391E36006E1FC3 /* Supporting Files */,
			);
			path = GuessPicture;
			sourceTree = "<group>";
		};
		FAF91DDC1D391E36006E1FC3 /* Supporting Files */ = {
			isa = PBXGroup;
			children = (
				FA3DA6681D3FC53C00BB2555 /* Assets.xcassets */,
				FAF91DE51D391E37006E1FC3 /* Main.storyboard */,
				FAF91DEA1D391E37006E1FC3 /* LaunchScreen.storyboard */,
				FA743E901D4BC6B000CC4323 /* questions.plist */,
				FAF91DED1D391E37006E1FC3 /* Info.plist */,
				FAF91DDD1D391E36006E1FC3 /* main.m */,
			);
			name = "Supporting Files";
			sourceTree = "<group>";
		};
/* End PBXGroup section */

/* Begin PBXNativeTarget section */
		FAF91DD81D391E36006E1FC3 /* GuessPicture */ = {
			isa = PBXNativeTarget;
			buildConfigurationList = FAF91DF01D391E37006E1FC3 /* Build configuration list for PBXNativeTarget "GuessPicture" */;
			buildPhases = (
				FAF91DD51D391E36006E1FC3 /* Sources */,
				FAF91DD61D391E36006E1FC3 /* Frameworks */,
				FAF91DD71D391E36006E1FC3 /* Resources */,
			);
			buildRules = (
			);
			dependencies = (
			);
			name = GuessPicture;
			productName = GuessPicture;
			productReference = FAF91DD91D391E36006E1FC3 /* GuessPicture.app */;
			productType = "com.apple.product-type.application";
		};
/* End PBXNativeTarget section */

/* Begin PBXProject section */
		FAF91DD11D391E36006E1FC3 /* Project object */ = {
			isa = PBXProject;
			attributes = {
				LastUpgradeCheck = 0800;
				ORGANIZATIONNAME = "沈喆";
				TargetAttributes = {
					FAF91DD81D391E36006E1FC3 = {
						CreatedOnToolsVersion = 7.3.1;
						DevelopmentTeam = U48K759752;
					};
				};
			};
			buildConfigurationList = FAF91DD41D391E36006E1FC3 /* Build configuration list for PBXProject "GuessPicture" */;
			compatibilityVersion = "Xcode 3.2";
			developmentRegion = English;
			hasScannedForEncodings = 0;
			knownRegions = (
				en,
				Base,
			);
			mainGroup = FAF91DD01D391E36006E1FC3;
			productRefGroup = FAF91DDA1D391E36006E1FC3 /* Products */;
			projectDirPath = "";
			projectRoot = "";
			targets = (
				FAF91DD81D391E36006E1FC3 /* GuessPicture */,
			);
		};
/* End PBXProject section */

/* Begin PBXResourcesBuildPhase section */
		FAF91DD71D391E36006E1FC3 /* Resources */ = {
			isa = PBXResourcesBuildPhase;
			buildActionMask = 2147483647;
			files = (
				FA743E911D4BC6B000CC4323 /* questions.plist in Resources */,
				FAF91DEC1D391E37006E1FC3 /* LaunchScreen.storyboard in Resources */,
				FA3DA6691D3FC53C00BB2555 /* Assets.xcassets in Resources */,
				FAF91DE71D391E37006E1FC3 /* Main.storyboard in Resources */,
			);
			runOnlyForDeploymentPostprocessing = 0;
		};
/* End PBXResourcesBuildPhase section */

/* Begin PBXSourcesBuildPhase section */
		FAF91DD51D391E36006E1FC3 /* Sources */ = {
			isa = PBXSourcesBuildPhase;
			buildActionMask = 2147483647;
			files = (
				FAF91DE41D391E36006E1FC3 /* ViewController.m in Sources */,
				FA13ED0C1DDDF41F006A1A16 /* InfoViewController.m in Sources */,
				FAF91DE11D391E36006E1FC3 /* AppDelegate.m in Sources */,
				FADD07CB1DA2A01800CE3E3A /* IllustratedHandbook.m in Sources */,
				FA24EA531DCF783300BB5D9B /* IllustratedHandbookFrame.m in Sources */,
				FAF91DDE1D391E36006E1FC3 /* main.m in Sources */,
				FAF91DF71D391E9A006E1FC3 /* QuestionModel.m in Sources */,
			);
			runOnlyForDeploymentPostprocessing = 0;
		};
/* End PBXSourcesBuildPhase section */

/* Begin PBXVariantGroup section */
		FAF91DE51D391E37006E1FC3 /* Main.storyboard */ = {
			isa = PBXVariantGroup;
			children = (
				FAF91DE61D391E37006E1FC3 /* Base */,
			);
			name = Main.storyboard;
			sourceTree = "<group>";
		};
		FAF91DEA1D391E37006E1FC3 /* LaunchScreen.storyboard */ = {
			isa = PBXVariantGroup;
			children = (
				FAF91DEB1D391E37006E1FC3 /* Base */,
			);
			name = LaunchScreen.storyboard;
			sourceTree = "<group>";
		};
/* End PBXVariantGroup section */

/* Begin XCBuildConfiguration section */
		FAF91DEE1D391E37006E1FC3 /* Debug */ = {
			isa = XCBuildConfiguration;
			buildSettings = {
				ALWAYS_SEARCH_USER_PATHS = NO;
				CLANG_ANALYZER_NONNULL = YES;
				CLANG_CXX_LANGUAGE_STANDARD = "gnu++0x";
				CLANG_CXX_LIBRARY = "libc++";
				CLANG_ENABLE_MODULES = YES;
				CLANG_ENABLE_OBJC_ARC = YES;
				CLANG_WARN_BOOL_CONVERSION = YES;
				CLANG_WARN_CONSTANT_CONVERSION = YES;
				CLANG_WARN_DIRECT_OBJC_ISA_USAGE = YES_ERROR;
				CLANG_WARN_EMPTY_BODY = YES;
				CLANG_WARN_ENUM_CONVERSION = YES;
				CLANG_WARN_INFINITE_RECURSION = YES;
				CLANG_WARN_INT_CONVERSION = YES;
				CLANG_WARN_OBJC_ROOT_CLASS = YES_ERROR;
				CLANG_WARN_SUSPICIOUS_MOVE = YES;
				CLANG_WARN_UNREACHABLE_CODE = YES;
				CLANG_WARN__DUPLICATE_METHOD_MATCH = YES;
				"CODE_SIGN_IDENTITY[sdk=iphoneos*]" = "iPhone Developer";
				COPY_PHASE_STRIP = NO;
				DEBUG_INFORMATION_FORMAT = dwarf;
				ENABLE_STRICT_OBJC_MSGSEND = YES;
				ENABLE_TESTABILITY = YES;
				GCC_C_LANGUAGE_STANDARD = gnu99;
				GCC_DYNAMIC_NO_PIC = NO;
				GCC_NO_COMMON_BLOCKS = YES;
				GCC_OPTIMIZATION_LEVEL = 0;
				GCC_PREPROCESSOR_DEFINITIONS = (
					"DEBUG=1",
					"$(inherited)",
				);
				GCC_WARN_64_TO_32_BIT_CONVERSION = YES;
				GCC_WARN_ABOUT_RETURN_TYPE = YES_ERROR;
				GCC_WARN_UNDECLARED_SELECTOR = YES;
				GCC_WARN_UNINITIALIZED_AUTOS = YES_AGGRESSIVE;
				GCC_WARN_UNUSED_FUNCTION = YES;
				GCC_WARN_UNUSED_VARIABLE = YES;
				IPHONEOS_DEPLOYMENT_TARGET = 9.3;
				MTL_ENABLE_DEBUG_INFO = YES;
				ONLY_ACTIVE_ARCH = YES;
				SDKROOT = iphoneos;
			};
			name = Debug;
		};
		FAF91DEF1D391E37006E1FC3 /* Release */ = {
			isa = XCBuildConfiguration;
			buildSettings = {
				ALWAYS_SEARCH_USER_PATHS = NO;
				CLANG_ANALYZER_NONNULL = YES;
				CLANG_CXX_LANGUAGE_STANDARD = "gnu++0x";
				CLANG_CXX_LIBRARY = "libc++";
				CLANG_ENABLE_MODULES = YES;
				CLANG_ENABLE_OBJC_ARC = YES;
				CLANG_WARN_BOOL_CONVERSION = YES;
				CLANG_WARN_CONSTANT_CONVERSION = YES;
				CLANG_WARN_DIRECT_OBJC_ISA_USAGE = YES_ERROR;
				CLANG_WARN_EMPTY_BODY = YES;
				CLANG_WARN_ENUM_CONVERSION = YES;
				CLANG_WARN_INFINITE_RECURSION = YES;
				CLANG_WARN_INT_CONVERSION = YES;
				CLANG_WARN_OBJC_ROOT_CLASS = YES_ERROR;
				CLANG_WARN_SUSPICIOUS_MOVE = YES;
				CLANG_WARN_UNREACHABLE_CODE = YES;
				CLANG_WARN__DUPLICATE_METHOD_MATCH = YES;
				"CODE_SIGN_IDENTITY[sdk=iphoneos*]" = "iPhone Developer";
				COPY_PHASE_STRIP = NO;
				DEBUG_INFORMATION_FORMAT = "dwarf-with-dsym";
				ENABLE_NS_ASSERTIONS = NO;
				ENABLE_STRICT_OBJC_MSGSEND = YES;
				GCC_C_LANGUAGE_STANDARD = gnu99;
				GCC_NO_COMMON_BLOCKS = YES;
				GCC_WARN_64_TO_32_BIT_CONVERSION = YES;
				GCC_WARN_ABOUT_RETURN_TYPE = YES_ERROR;
				GCC_WARN_UNDECLARED_SELECTOR = YES;
				GCC_WARN_UNINITIALIZED_AUTOS = YES_AGGRESSIVE;
				GCC_WARN_UNUSED_FUNCTION = YES;
				GCC_WARN_UNUSED_VARIABLE = YES;
				IPHONEOS_DEPLOYMENT_TARGET = 9.3;
				MTL_ENABLE_DEBUG_INFO = NO;
				SDKROOT = iphoneos;
				VALIDATE_PRODUCT = YES;
			};
			name = Release;
		};
		FAF91DF11D391E37006E1FC3 /* Debug */ = {
			isa = XCBuildConfiguration;
			buildSettings = {
				ASSETCATALOG_COMPILER_APPICON_NAME = AppIcon;
				INFOPLIST_FILE = GuessPicture/Info.plist;
				LD_RUNPATH_SEARCH_PATHS = "$(inherited) @executable_path/Frameworks";
				PRODUCT_BUNDLE_IDENTIFIER = com.alexshenzhe.GuessPicture;
				PRODUCT_NAME = "$(TARGET_NAME)";
			};
			name = Debug;
		};
		FAF91DF21D391E37006E1FC3 /* Release */ = {
			isa = XCBuildConfiguration;
			buildSettings = {
				ASSETCATALOG_COMPILER_APPICON_NAME = AppIcon;
				INFOPLIST_FILE = GuessPicture/Info.plist;
				LD_RUNPATH_SEARCH_PATHS = "$(inherited) @executable_path/Frameworks";
				PRODUCT_BUNDLE_IDENTIFIER = com.alexshenzhe.GuessPicture;
				PRODUCT_NAME = "$(TARGET_NAME)";
			};
			name = Release;
		};
/* End XCBuildConfiguration section */

/* Begin XCConfigurationList section */
		FAF91DD41D391E36006E1FC3 /* Build configuration list for PBXProject "GuessPicture" */ = {
			isa = XCConfigurationList;
			buildConfigurations = (
				FAF91DEE1D391E37006E1FC3 /* Debug */,
				FAF91DEF1D391E37006E1FC3 /* Release */,
			);
			defaultConfigurationIsVisible = 0;
			defaultConfigurationName = Release;
		};
		FAF91DF01D391E37006E1FC3 /* Build configuration list for PBXNativeTarget "GuessPicture" */ = {
			isa = XCConfigurationList;
			buildConfigurations = (
				FAF91DF11D391E37006E1FC3 /* Debug */,
				FAF91DF21D391E37006E1FC3 /* Release */,
			);
			defaultConfigurationIsVisible = 0;
			defaultConfigurationName = Release;
		};
/* End XCConfigurationList section */
	};
	rootObject = FAF91DD11D391E36006E1FC3 /* Project object */;
}
